
Microsoft Visual Studio Solution File, Format Version 12.00
# Visual Studio Version 16
VisualStudioVersion = 16.0.29519.87
MinimumVisualStudioVersion = 10.0.40219.1
Project("{FAE04EC0-301F-11D3-BF4B-00C04F79EFBC}") = "UserMaintenance", "UserMaintenance\UserMaintenance.csproj", "{8FA8D9E3-5C28-4624-8139-C8E31914DD4B}"
EndProject
Global
	GlobalSection(SolutionConfigurationPlatforms) = preSolution
		Debug|Any CPU = Debug|Any CPU
		Release|Any CPU = Release|Any CPU
	EndGlobalSection
	GlobalSection(ProjectConfigurationPlatforms) = postSolution
		{8FA8D9E3-5C28-4624-8139-C8E31914DD4B}.Debug|Any CPU.ActiveCfg = Debug|Any CPU
		{8FA8D9E3-5C28-4624-8139-C8E31914DD4B}.Debug|Any CPU.Build.0 = Debug|Any CPU
		{8FA8D9E3-5C28-4624-8139-C8E31914DD4B}.Release|Any CPU.ActiveCfg = Release|Any CPU
		{8FA8D9E3-5C28-4624-8139-C8E31914DD4B}.Release|Any CPU.Build.0 = Release|Any CPU
	EndGlobalSection
	GlobalSection(SolutionProperties) = preSolution
		HideSolutionNode = FALSE
	EndGlobalSection
	GlobalSection(ExtensibilityGlobals) = postSolution
		SolutionGuid = {6CE8F57C-B1A5-48B0-B1CE-28B7867B67B2}
	EndGlobalSection
EndGlobal
